{
  "name": "nanostyled",
  "version": "0.3.1-0",
  "lockfileVersion": 1,
  "requires": true,
  "dependencies": {
    "@babel/helper-annotate-as-pure": {
      "version": "7.0.0",
      "resolved": "https://registry.npmjs.org/@babel/helper-annotate-as-pure/-/helper-annotate-as-pure-7.0.0.tgz",
      "integrity": "sha512-3UYcJUj9kvSLbLbUIfQTqzcy5VX7GRZ/CCDrnOaZorFFM01aXp1+GJwuFGV4NDDoAS+mOUyHcO6UD/RfqOks3Q==",
      "dev": true,
      "requires": {
        "@babel/types": "^7.0.0"
      }
    },
    "@babel/helper-module-imports": {
      "version": "7.0.0",
      "resolved": "https://registry.npmjs.org/@babel/helper-module-imports/-/helper-module-imports-7.0.0.tgz",
      "integrity": "sha512-aP/hlLq01DWNEiDg4Jn23i+CXxW/owM4WpDLFUbpjxe4NS3BhLVZQ5i7E0ZrxuQ/vwekIeciyamgB1UIYxxM6A==",
      "dev": true,
      "requires": {
        "@babel/types": "^7.0.0"
      }
    },
    "@babel/types": {
      "version": "7.4.0",
      "resolved": "https://registry.npmjs.org/@babel/types/-/types-7.4.0.tgz",
      "integrity": "sha512-aPvkXyU2SPOnztlgo8n9cEiXW755mgyvueUPcpStqdzoSPm0fjO0vQBjLkt3JKJW7ufikfcnMTTPsN1xaTsBPA==",
      "dev": true,
      "requires": {
        "esutils": "^2.0.2",
        "lodash": "^4.17.11",
        "to-fast-properties": "^2.0.0"
      }
    },
    "@emotion/is-prop-valid": {
      "version": "0.7.3",
      "resolved": "https://registry.npmjs.org/@emotion/is-prop-valid/-/is-prop-valid-0.7.3.tgz",
      "integrity": "sha512-uxJqm/sqwXw3YPA5GXX365OBcJGFtxUVkB6WyezqFHlNe9jqUWH5ur2O2M8dGBz61kn1g3ZBlzUunFQXQIClhA==",
      "dev": true,
      "requires": {
        "@emotion/memoize": "0.7.1"
      }
    },
    "@emotion/memoize": {
      "version": "0.7.1",
      "resolved": "https://registry.npmjs.org/@emotion/memoize/-/memoize-0.7.1.tgz",
      "integrity": "sha512-Qv4LTqO11jepd5Qmlp3M1YEjBumoTHcHFdgPTQ+sFlIL5myi/7xu/POwP7IRu6odBdmLXdtIs1D6TuW6kbwbbg==",
      "dev": true
    },
    "@emotion/unitless": {
      "version": "0.7.3",
      "resolved": "https://registry.npmjs.org/@emotion/unitless/-/unitless-0.7.3.tgz",
      "integrity": "sha512-4zAPlpDEh2VwXswwr/t8xGNDGg8RQiPxtxZ3qQEXyQsBV39ptTdESCjuBvGze1nLMVrxmTIKmnO/nAV8Tqjjzg==",
      "dev": true
    },
    "@types/estree": {
      "version": "0.0.39",
      "resolved": "https://registry.npmjs.org/@types/estree/-/estree-0.0.39.tgz",
      "integrity": "sha512-EYNwp3bU+98cpU4lAWYYL7Zz+2gryWH1qbdDTidVd6hkiR6weksdbMadyXKXNPEkQFhXM+hVO9ZygomHXp+AIw==",
      "dev": true
    },
    "@types/node": {
      "version": "11.13.5",
      "resolved": "https://registry.npmjs.org/@types/node/-/node-11.13.5.tgz",
      "integrity": "sha512-/OMMBnjVtDuwX1tg2pkYVSqRIDSmNTnvVvmvP/2xiMAAWf4a5+JozrApCrO4WCAILmXVxfNoQ3E+0HJbNpFVGg==",
      "dev": true
    },
    "babel-plugin-styled-components": {
      "version": "1.10.0",
      "resolved": "https://registry.npmjs.org/babel-plugin-styled-components/-/babel-plugin-styled-components-1.10.0.tgz",
      "integrity": "sha512-sQVKG8irFXx14ZfaK1bBePirfkacl3j8nZwSZK+ZjsbnadRHKQTbhXbe/RB1vT6Vgkz45E+V95LBq4KqdhZUNw==",
      "dev": true,
      "requires": {
        "@babel/helper-annotate-as-pure": "^7.0.0",
        "@babel/helper-module-imports": "^7.0.0",
        "babel-plugin-syntax-jsx": "^6.18.0",
        "lodash": "^4.17.10"
      }
    },
    "babel-plugin-syntax-jsx": {
      "version": "6.18.0",
      "resolved": "https://registry.npmjs.org/babel-plugin-syntax-jsx/-/babel-plugin-syntax-jsx-6.18.0.tgz",
      "integrity": "sha1-CvMqmm4Tyno/1QaeYtew9Y0NiUY=",
      "dev": true
    },
    "benchmark": {
      "version": "2.1.4",
      "resolved": "https://registry.npmjs.org/benchmark/-/benchmark-2.1.4.tgz",
      "integrity": "sha1-CfPeMckWQl1JjMLuVloOvzwqVik=",
      "dev": true,
      "requires": {
        "lodash": "^4.17.4",
        "platform": "^1.3.3"
      }
    },
    "brace-expansion": {
      "version": "1.1.11",
      "resolved": "https://registry.npmjs.org/brace-expansion/-/brace-expansion-1.1.11.tgz",
      "integrity": "sha512-iCuPHDFgrHX7H2vEI/5xpz07zSHB00TpugqhmYtVmMO6518mCuRMoOYFldEBl0g187ufozdaHgWKcYFb61qGiA==",
      "dev": true,
      "requires": {
        "balanced-match": "^1.0.0",
        "concat-map": "0.0.1"
      },
      "dependencies": {
        "balanced-match": {
          "version": "1.0.0",
          "resolved": "https://registry.npmjs.org/balanced-match/-/balanced-match-1.0.0.tgz",
          "integrity": "sha1-ibTRmasr7kneFk6gK4nORi1xt2c=",
          "dev": true
        }
      }
    },
    "camelize": {
      "version": "1.0.0",
      "resolved": "https://registry.npmjs.org/camelize/-/camelize-1.0.0.tgz",
      "integrity": "sha1-FkpUg+Yw+kMh5a8HAg5TGDGyYJs=",
      "dev": true
    },
    "concat-map": {
      "version": "0.0.1",
      "resolved": "https://registry.npmjs.org/concat-map/-/concat-map-0.0.1.tgz",
      "integrity": "sha1-2Klr13/Wjfd5OnMDajug1UBdR3s=",
      "dev": true
    },
    "css-color-keywords": {
      "version": "1.0.0",
      "resolved": "https://registry.npmjs.org/css-color-keywords/-/css-color-keywords-1.0.0.tgz",
      "integrity": "sha1-/qJhbcZ2spYmhrOvjb2+GAskTgU=",
      "dev": true
    },
    "css-to-react-native": {
      "version": "2.3.0",
      "resolved": "https://registry.npmjs.org/css-to-react-native/-/css-to-react-native-2.3.0.tgz",
      "integrity": "sha512-IhR7bNIrCFwbJbKZOAjNDZdwpsbjTN6f1agXeELHDqg1wHPA8c2QLruttKOW7hgMGetkfraRJCIEMrptifBfVw==",
      "dev": true,
      "requires": {
        "camelize": "^1.0.0",
        "css-color-keywords": "^1.0.0",
        "postcss-value-parser": "^3.3.0"
      }
    },
    "esutils": {
      "version": "2.0.2",
      "resolved": "https://registry.npmjs.org/esutils/-/esutils-2.0.2.tgz",
      "integrity": "sha1-Cr9PHKpbyx96nYrMbepPqqBLrJs=",
      "dev": true
    },
    "fs.realpath": {
      "version": "1.0.0",
      "resolved": "https://registry.npmjs.org/fs.realpath/-/fs.realpath-1.0.0.tgz",
      "integrity": "sha1-FQStJSMVjKpA20onh8sBQRmU6k8=",
      "dev": true
    },
    "glob": {
      "version": "7.1.3",
      "resolved": "https://registry.npmjs.org/glob/-/glob-7.1.3.tgz",
      "integrity": "sha512-vcfuiIxogLV4DlGBHIUOwI0IbrJ8HWPc4MU7HzviGeNho/UJDfi6B5p3sHeWIQ0KGIU0Jpxi5ZHxemQfLkkAwQ==",
      "dev": true,
      "requires": {
        "fs.realpath": "^1.0.0",
        "inflight": "^1.0.4",
        "inherits": "2",
        "minimatch": "^3.0.4",
        "once": "^1.3.0",
        "path-is-absolute": "^1.0.0"
      }
    },
    "has-flag": {
      "version": "3.0.0",
      "resolved": "https://registry.npmjs.org/has-flag/-/has-flag-3.0.0.tgz",
      "integrity": "sha1-tdRU3CGZriJWmfNGfloH87lVuv0=",
      "dev": true
    },
    "inflight": {
      "version": "1.0.6",
      "resolved": "https://registry.npmjs.org/inflight/-/inflight-1.0.6.tgz",
      "integrity": "sha1-Sb1jMdfQLQwJvJEKEHW6gWW1bfk=",
      "dev": true,
      "requires": {
        "once": "^1.3.0",
        "wrappy": "1"
      }
    },
    "inherits": {
      "version": "2.0.3",
      "resolved": "https://registry.npmjs.org/inherits/-/inherits-2.0.3.tgz",
      "integrity": "sha1-Yzwsg+PaQqUC9SRmAiSA9CCCYd4=",
      "dev": true
    },
    "jasmine": {
      "version": "3.2.0",
      "resolved": "https://registry.npmjs.org/jasmine/-/jasmine-3.2.0.tgz",
      "integrity": "sha512-qv6TZ32r+slrQz8fbx2EhGbD9zlJo3NwPrpLK1nE8inILtZO9Fap52pyHk7mNTh4tG50a+1+tOiWVT3jO5I0Sg==",
      "dev": true,
      "requires": {
        "glob": "^7.0.6",
        "jasmine-core": "~3.2.0"
      }
    },
    "jasmine-core": {
      "version": "3.2.1",
      "resolved": "https://registry.npmjs.org/jasmine-core/-/jasmine-core-3.2.1.tgz",
      "integrity": "sha512-pa9tbBWgU0EE4SWgc85T4sa886ufuQdsgruQANhECYjwqgV4z7Vw/499aCaP8ZH79JDS4vhm8doDG9HO4+e4sA==",
      "dev": true
    },
    "js-tokens": {
      "version": "4.0.0",
      "resolved": "https://registry.npmjs.org/js-tokens/-/js-tokens-4.0.0.tgz",
      "integrity": "sha512-RdJUflcE3cUzKiMqQgsCu06FPu9UdIJO0beYbPhHN4k6apgJtifcoCtT9bcxOpYBtpD2kCM6Sbzg4CausW/PKQ==",
      "dev": true
    },
    "lodash": {
      "version": "4.17.11",
      "resolved": "https://registry.npmjs.org/lodash/-/lodash-4.17.11.tgz",
      "integrity": "sha512-cQKh8igo5QUhZ7lg38DYWAxMvjSAKG0A8wGSVimP07SIUEK2UO+arSRKbRZWtelMtN5V0Hkwh5ryOto/SshYIg==",
      "dev": true
    },
    "loose-envify": {
      "version": "1.4.0",
      "resolved": "https://registry.npmjs.org/loose-envify/-/loose-envify-1.4.0.tgz",
      "integrity": "sha512-lyuxPGr/Wfhrlem2CL/UcnUc1zcqKAImBDzukY7Y5F/yQiNdko6+fRLevlw1HgMySw7f611UIY408EtxRSoK3Q==",
      "dev": true,
      "requires": {
        "js-tokens": "^3.0.0 || ^4.0.0"
      }
    },
    "memoize-one": {
      "version": "5.0.4",
      "resolved": "https://registry.npmjs.org/memoize-one/-/memoize-one-5.0.4.tgz",
      "integrity": "sha512-P0z5IeAH6qHHGkJIXWw0xC2HNEgkx/9uWWBQw64FJj3/ol14VYdfVGWWr0fXfjhhv3TKVIqUq65os6O4GUNksA==",
      "dev": true
    },
    "minimatch": {
      "version": "3.0.4",
      "resolved": "https://registry.npmjs.org/minimatch/-/minimatch-3.0.4.tgz",
      "integrity": "sha512-yJHVQEhyqPLUTgt9B83PXu6W3rx4MvvHvSUvToogpwoGDOUQ+yDrR0HRot+yOCdCO7u4hX3pWft6kWBBcqh0UA==",
      "dev": true,
      "requires": {
        "brace-expansion": "^1.1.7"
      }
    },
    "object-assign": {
      "version": "4.1.1",
      "resolved": "https://registry.npmjs.org/object-assign/-/object-assign-4.1.1.tgz",
      "integrity": "sha1-IQmtx5ZYh8/AXLvUQsrIv7s2CGM=",
      "dev": true
    },
    "once": {
      "version": "1.4.0",
      "resolved": "https://registry.npmjs.org/once/-/once-1.4.0.tgz",
      "integrity": "sha1-WDsap3WWHUsROsF9nFC6753Xa9E=",
      "dev": true,
      "requires": {
        "wrappy": "1"
      }
    },
    "path-is-absolute": {
      "version": "1.0.1",
      "resolved": "https://registry.npmjs.org/path-is-absolute/-/path-is-absolute-1.0.1.tgz",
      "integrity": "sha1-F0uSaHNVNP+8es5r9TpanhtcX18=",
      "dev": true
    },
    "platform": {
      "version": "1.3.5",
      "resolved": "https://registry.npmjs.org/platform/-/platform-1.3.5.tgz",
      "integrity": "sha512-TuvHS8AOIZNAlE77WUDiR4rySV/VMptyMfcfeoMgs4P8apaZM3JrnbzBiixKUv+XR6i+BXrQh8WAnjaSPFO65Q==",
      "dev": true
    },
    "postcss-value-parser": {
      "version": "3.3.1",
      "resolved": "https://registry.npmjs.org/postcss-value-parser/-/postcss-value-parser-3.3.1.tgz",
      "integrity": "sha512-pISE66AbVkp4fDQ7VHBwRNXzAAKJjw4Vw7nWI/+Q3vuly7SNfgYXvm6i5IgFylHGK5sP/xHAbB7N49OS4gWNyQ==",
      "dev": true
    },
    "prettier": {
      "version": "1.14.3",
      "resolved": "https://registry.npmjs.org/prettier/-/prettier-1.14.3.tgz",
      "integrity": "sha512-qZDVnCrnpsRJJq5nSsiHCE3BYMED2OtsI+cmzIzF1QIfqm5ALf8tEJcO27zV1gKNKRPdhjO0dNWnrzssDQ1tFg==",
      "dev": true
    },
    "prop-types": {
      "version": "15.6.2",
      "resolved": "https://registry.npmjs.org/prop-types/-/prop-types-15.6.2.tgz",
      "integrity": "sha512-3pboPvLiWD7dkI3qf3KbUe6hKFKa52w+AE0VCqECtf+QHAKgOL37tTaNCnuX1nAAQ4ZhyP+kYVKf8rLmJ/feDQ==",
      "dev": true,
      "requires": {
        "loose-envify": "^1.3.1",
        "object-assign": "^4.1.1"
      }
    },
    "react": {
      "version": "16.5.0",
      "resolved": "https://registry.npmjs.org/react/-/react-16.5.0.tgz",
      "integrity": "sha512-nw/yB/L51kA9PsAy17T1JrzzGRk+BlFCJwFF7p+pwVxgqwPjYNeZEkkH7LXn9dmflolrYMXLWMTkQ77suKPTNQ==",
      "dev": true,
      "requires": {
        "loose-envify": "^1.1.0",
        "object-assign": "^4.1.1",
        "prop-types": "^15.6.2",
        "schedule": "^0.3.0"
      }
    },
    "react-dom": {
      "version": "16.5.0",
      "resolved": "https://registry.npmjs.org/react-dom/-/react-dom-16.5.0.tgz",
      "integrity": "sha512-qgsQdjFH54pQ1AGLCBKsqjPxib4Pnp+cOsNxGPlkHn5YnsSt43sBvHSif6FheY7NMMS6HPeSJOxXf6ECanjacA==",
      "dev": true,
      "requires": {
        "loose-envify": "^1.1.0",
        "object-assign": "^4.1.1",
        "prop-types": "^15.6.2",
        "schedule": "^0.3.0"
      }
    },
    "react-is": {
      "version": "16.5.1",
      "resolved": "https://registry.npmjs.org/react-is/-/react-is-16.5.1.tgz",
      "integrity": "sha512-Q7S+9y2lJA9oJCMqLt045f+kLRhsMLA1wW2DAGXA6b7wcTQRHnUDMc5oR49tn0Z4swvnfV+/t8iZFXY74IQmpA==",
      "dev": true
    },
    "react-test-renderer": {
      "version": "16.5.1",
      "resolved": "https://registry.npmjs.org/react-test-renderer/-/react-test-renderer-16.5.1.tgz",
      "integrity": "sha512-NOOtwdN5DNGFqsOyU4zqO2+N82wBt7Z5gNOW+ZY/Aui1K/ohmW7uqd5yUW6UYN0Y64Ci/m9CbwrytTHYIMIWtQ==",
      "dev": true,
      "requires": {
        "object-assign": "^4.1.1",
        "prop-types": "^15.6.2",
        "react-is": "^16.5.1",
        "schedule": "^0.4.0"
      },
      "dependencies": {
        "schedule": {
          "version": "0.4.0",
          "resolved": "https://registry.npmjs.org/schedule/-/schedule-0.4.0.tgz",
          "integrity": "sha512-hYjmoaEMojiMkWCxKr6ue+LYcZ29u29+AamWYmzwT2VOO9ws5UJp/wNhsVUPiUeNh+EdRfZm7nDeB40ffTfMhA==",
          "dev": true,
          "requires": {
            "object-assign": "^4.1.1"
          }
        }
      }
    },
    "rollup": {
      "version": "1.10.1",
      "resolved": "https://registry.npmjs.org/rollup/-/rollup-1.10.1.tgz",
      "integrity": "sha512-pW353tmBE7QP622ITkGxtqF0d5gSRCVPD9xqM+fcPjudeZfoXMFW2sCzsTe2TU/zU1xamIjiS9xuFCPVT9fESw==",
      "dev": true,
      "requires": {
        "@types/estree": "0.0.39",
        "@types/node": "^11.13.5",
        "acorn": "^6.1.1"
      },
      "dependencies": {
        "acorn": {
          "version": "6.1.1",
          "resolved": "https://registry.npmjs.org/acorn/-/acorn-6.1.1.tgz",
          "integrity": "sha512-jPTiwtOxaHNaAPg/dmrJ/beuzLRnXtB0kQPQ8JpotKJgTB6rX6c8mlf315941pyjBSaPg8NHXS9fhP4u17DpGA==",
          "dev": true
        }
      }
    },
    "schedule": {
      "version": "0.3.0",
      "resolved": "https://registry.npmjs.org/schedule/-/schedule-0.3.0.tgz",
      "integrity": "sha512-20+1KVo517sR7Nt+bYBN8a+bEJDKLPEx7Ohtts1kX05E4/HY53YUNuhfkVNItmWAnBYHcpG9vsd2/CJxG+aPCQ==",
      "dev": true,
      "requires": {
        "object-assign": "^4.1.1"
      }
    },
    "styled-components": {
      "version": "4.2.0",
      "resolved": "https://registry.npmjs.org/styled-components/-/styled-components-4.2.0.tgz",
      "integrity": "sha512-L/LzkL3ZbBhqIVHdR7DbYujy4tqvTNRfc+4JWDCYyhTatI+8CRRQUmdaR0+ARl03DWsfKLhjewll5uNLrqrl4A==",
      "dev": true,
      "requires": {
        "@babel/helper-module-imports": "^7.0.0",
        "@emotion/is-prop-valid": "^0.7.3",
        "@emotion/unitless": "^0.7.0",
        "babel-plugin-styled-components": ">= 1",
        "css-to-react-native": "^2.2.2",
        "memoize-one": "^5.0.0",
        "prop-types": "^15.5.4",
        "react-is": "^16.6.0",
        "stylis": "^3.5.0",
        "stylis-rule-sheet": "^0.0.10",
        "supports-color": "^5.5.0"
      },
      "dependencies": {
        "react-is": {
          "version": "16.8.6",
          "resolved": "https://registry.npmjs.org/react-is/-/react-is-16.8.6.tgz",
          "integrity": "sha512-aUk3bHfZ2bRSVFFbbeVS4i+lNPZr3/WM5jT2J5omUVV1zzcs1nAaf3l51ctA5FFvCRbhrH0bdAsRRQddFJZPtA==",
          "dev": true
        }
      }
    },
    "stylis": {
      "version": "3.5.4",
      "resolved": "https://registry.npmjs.org/stylis/-/stylis-3.5.4.tgz",
      "integrity": "sha512-8/3pSmthWM7lsPBKv7NXkzn2Uc9W7NotcwGNpJaa3k7WMM1XDCA4MgT5k/8BIexd5ydZdboXtU90XH9Ec4Bv/Q==",
      "dev": true
    },
    "stylis-rule-sheet": {
      "version": "0.0.10",
      "resolved": "https://registry.npmjs.org/stylis-rule-sheet/-/stylis-rule-sheet-0.0.10.tgz",
      "integrity": "sha512-nTbZoaqoBnmK+ptANthb10ZRZOGC+EmTLLUxeYIuHNkEKcmKgXX1XWKkUBT2Ac4es3NybooPe0SmvKdhKJZAuw==",
      "dev": true
    },
    "supports-color": {
      "version": "5.5.0",
      "resolved": "https://registry.npmjs.org/supports-color/-/supports-color-5.5.0.tgz",
      "integrity": "sha512-QjVjwdXIt408MIiAqCX4oUKsgU2EqAGzs2Ppkm4aQYbjm+ZEWEcW4SfFNTr4uMNZma0ey4f5lgLrkB0aX0QMow==",
      "dev": true,
      "requires": {
        "has-flag": "^3.0.0"
      }
    },
    "to-fast-properties": {
      "version": "2.0.0",
      "resolved": "https://registry.npmjs.org/to-fast-properties/-/to-fast-properties-2.0.0.tgz",
      "integrity": "sha1-3F5pjL0HkmW8c+A3doGk5Og/YW4=",
      "dev": true
    },
    "wrappy": {
      "version": "1.0.2",
      "resolved": "https://registry.npmjs.org/wrappy/-/wrappy-1.0.2.tgz",
      "integrity": "sha1-tSQ9jz7BqjXxNkYFvA0QNuMKtp8=",
      "dev": true
    }
  }
}
